// !$*UTF8*$!
{
	archiveVersion = 1;
	classes = {
	};
	objectVersion = 46;
	objects = {

/* Begin PBXBuildFile section */
		10945AF71B603D5F0031F678 /* .gitignore in Resources */ = {isa = PBXBuildFile; fileRef = 10945AF61B603D5F0031F678 /* .gitignore */; };
		10A373CB1B5BAEB00088E0F6 /* movie_quote.mp3 in Resources */ = {isa = PBXBuildFile; fileRef = 10A373CA1B5BAEB00088E0F6 /* movie_quote.mp3 */; };
		10B67C031B5858D9006A5127 /* PlayAudioViewController.swift in Sources */ = {isa = PBXBuildFile; fileRef = 10B67C021B5858D9006A5127 /* PlayAudioViewController.swift */; };
		10BC32311B5D5F46003BBA92 /* RecordedAudio.swift in Sources */ = {isa = PBXBuildFile; fileRef = 10BC32301B5D5F46003BBA92 /* RecordedAudio.swift */; };
		10FB09741B54555C003ACA86 /* AppDelegate.swift in Sources */ = {isa = PBXBuildFile; fileRef = 10FB09731B54555C003ACA86 /* AppDelegate.swift */; };
		10FB09771B54555C003ACA86 /* PitchPerfect.xcdatamodeld in Sources */ = {isa = PBXBuildFile; fileRef = 10FB09751B54555C003ACA86 /* PitchPerfect.xcdatamodeld */; };
		10FB09791B54555C003ACA86 /* RecordAudioViewController.swift in Sources */ = {isa = PBXBuildFile; fileRef = 10FB09781B54555C003ACA86 /* RecordAudioViewController.swift */; };
		10FB097C1B54555C003ACA86 /* Main.storyboard in Resources */ = {isa = PBXBuildFile; fileRef = 10FB097A1B54555C003ACA86 /* Main.storyboard */; };
		10FB097E1B54555C003ACA86 /* Images.xcassets in Resources */ = {isa = PBXBuildFile; fileRef = 10FB097D1B54555C003ACA86 /* Images.xcassets */; };
		10FB09811B54555C003ACA86 /* LaunchScreen.xib in Resources */ = {isa = PBXBuildFile; fileRef = 10FB097F1B54555C003ACA86 /* LaunchScreen.xib */; };
		10FB098D1B54555C003ACA86 /* PitchPerfectTests.swift in Sources */ = {isa = PBXBuildFile; fileRef = 10FB098C1B54555C003ACA86 /* PitchPerfectTests.swift */; };
/* End PBXBuildFile section */

/* Begin PBXContainerItemProxy section */
		10FB09871B54555C003ACA86 /* PBXContainerItemProxy */ = {
			isa = PBXContainerItemProxy;
			containerPortal = 10FB09661B54555B003ACA86 /* Project object */;
			proxyType = 1;
			remoteGlobalIDString = 10FB096D1B54555B003ACA86;
			remoteInfo = PitchPerfect;
		};
/* End PBXContainerItemProxy section */

/* Begin PBXFileReference section */
		10945AF61B603D5F0031F678 /* .gitignore */ = {isa = PBXFileReference; fileEncoding = 4; lastKnownFileType = text; path = .gitignore; sourceTree = "<group>"; };
		10A373CA1B5BAEB00088E0F6 /* movie_quote.mp3 */ = {isa = PBXFileReference; lastKnownFileType = audio.mp3; name = movie_quote.mp3; path = "/Users/wouterdevos/Documents/Projects/Udacity iOS Nanodegree/PitchPerfect/movie_quote.mp3"; sourceTree = "<absolute>"; };
		10B67C021B5858D9006A5127 /* PlayAudioViewController.swift */ = {isa = PBXFileReference; fileEncoding = 4; lastKnownFileType = sourcecode.swift; path = PlayAudioViewController.swift; sourceTree = "<group>"; };
		10BC32301B5D5F46003BBA92 /* RecordedAudio.swift */ = {isa = PBXFileReference; fileEncoding = 4; lastKnownFileType = sourcecode.swift; path = RecordedAudio.swift; sourceTree = "<group>"; };
		10FB096E1B54555C003ACA86 /* PitchPerfect.app */ = {isa = PBXFileReference; explicitFileType = wrapper.application; includeInIndex = 0; path = PitchPerfect.app; sourceTree = BUILT_PRODUCTS_DIR; };
		10FB09721B54555C003ACA86 /* Info.plist */ = {isa = PBXFileReference; lastKnownFileType = text.plist.xml; path = Info.plist; sourceTree = "<group>"; };
		10FB09731B54555C003ACA86 /* AppDelegate.swift */ = {isa = PBXFileReference; lastKnownFileType = sourcecode.swift; path = AppDelegate.swift; sourceTree = "<group>"; };
		10FB09761B54555C003ACA86 /* PitchPerfect.xcdatamodel */ = {isa = PBXFileReference; lastKnownFileType = wrapper.xcdatamodel; path = PitchPerfect.xcdatamodel; sourceTree = "<group>"; };
		10FB09781B54555C003ACA86 /* RecordAudioViewController.swift */ = {isa = PBXFileReference; lastKnownFileType = sourcecode.swift; path = RecordAudioViewController.swift; sourceTree = "<group>"; };
		10FB097B1B54555C003ACA86 /* Base */ = {isa = PBXFileReference; lastKnownFileType = file.storyboard; name = Base; path = Base.lproj/Main.storyboard; sourceTree = "<group>"; };
		10FB097D1B54555C003ACA86 /* Images.xcassets */ = {isa = PBXFileReference; lastKnownFileType = folder.assetcatalog; path = Images.xcassets; sourceTree = "<group>"; };
		10FB09801B54555C003ACA86 /* Base */ = {isa = PBXFileReference; lastKnownFileType = file.xib; name = Base; path = Base.lproj/LaunchScreen.xib; sourceTree = "<group>"; };
		10FB09861B54555C003ACA86 /* PitchPerfectTests.xctest */ = {isa = PBXFileReference; explicitFileType = wrapper.cfbundle; includeInIndex = 0; path = PitchPerfectTests.xctest; sourceTree = BUILT_PRODUCTS_DIR; };
		10FB098B1B54555C003ACA86 /* Info.plist */ = {isa = PBXFileReference; lastKnownFileType = text.plist.xml; path = Info.plist; sourceTree = "<group>"; };
		10FB098C1B54555C003ACA86 /* PitchPerfectTests.swift */ = {isa = PBXFileReference; lastKnownFileType = sourcecode.swift; path = PitchPerfectTests.swift; sourceTree = "<group>"; };
/* End PBXFileReference section */

/* Begin PBXFrameworksBuildPhase section */
		10FB096B1B54555B003ACA86 /* Frameworks */ = {
			isa = PBXFrameworksBuildPhase;
			buildActionMask = 2147483647;
			files = (
			);
			runOnlyForDeploymentPostprocessing = 0;
		};
		10FB09831B54555C003ACA86 /* Frameworks */ = {
			isa = PBXFrameworksBuildPhase;
			buildActionMask = 2147483647;
			files = (
			);
			runOnlyForDeploymentPostprocessing = 0;
		};
/* End PBXFrameworksBuildPhase section */

/* Begin PBXGroup section */
		10FB09651B54555B003ACA86 = {
			isa = PBXGroup;
			children = (
				10945AF61B603D5F0031F678 /* .gitignore */,
				10FB09701B54555C003ACA86 /* PitchPerfect */,
				10FB09891B54555C003ACA86 /* PitchPerfectTests */,
				10FB096F1B54555C003ACA86 /* Products */,
			);
			sourceTree = "<group>";
		};
		10FB096F1B54555C003ACA86 /* Products */ = {
			isa = PBXGroup;
			children = (
				10FB096E1B54555C003ACA86 /* PitchPerfect.app */,
				10FB09861B54555C003ACA86 /* PitchPerfectTests.xctest */,
			);
			name = Products;
			sourceTree = "<group>";
		};
		10FB09701B54555C003ACA86 /* PitchPerfect */ = {
			isa = PBXGroup;
			children = (
				10FB09731B54555C003ACA86 /* AppDelegate.swift */,
				10FB09781B54555C003ACA86 /* RecordAudioViewController.swift */,
				10BC32301B5D5F46003BBA92 /* RecordedAudio.swift */,
				10FB097A1B54555C003ACA86 /* Main.storyboard */,
				10FB097D1B54555C003ACA86 /* Images.xcassets */,
				10FB097F1B54555C003ACA86 /* LaunchScreen.xib */,
				10FB09751B54555C003ACA86 /* PitchPerfect.xcdatamodeld */,
				10FB09711B54555C003ACA86 /* Supporting Files */,
				10B67C021B5858D9006A5127 /* PlayAudioViewController.swift */,
			);
			path = PitchPerfect;
			sourceTree = "<group>";
		};
		10FB09711B54555C003ACA86 /* Supporting Files */ = {
			isa = PBXGroup;
			children = (
				10A373CA1B5BAEB00088E0F6 /* movie_quote.mp3 */,
				10FB09721B54555C003ACA86 /* Info.plist */,
			);
			name = "Supporting Files";
			sourceTree = "<group>";
		};
		10FB09891B54555C003ACA86 /* PitchPerfectTests */ = {
			isa = PBXGroup;
			children = (
				10FB098C1B54555C003ACA86 /* PitchPerfectTests.swift */,
				10FB098A1B54555C003ACA86 /* Supporting Files */,
			);
			path = PitchPerfectTests;
			sourceTree = "<group>";
		};
		10FB098A1B54555C003ACA86 /* Supporting Files */ = {
			isa = PBXGroup;
			children = (
				10FB098B1B54555C003ACA86 /* Info.plist */,
			);
			name = "Supporting Files";
			sourceTree = "<group>";
		};
/* End PBXGroup section */

/* Begin PBXNativeTarget section */
		10FB096D1B54555B003ACA86 /* PitchPerfect */ = {
			isa = PBXNativeTarget;
			buildConfigurationList = 10FB09901B54555C003ACA86 /* Build configuration list for PBXNativeTarget "PitchPerfect" */;
			buildPhases = (
				10FB096A1B54555B003ACA86 /* Sources */,
				10FB096B1B54555B003ACA86 /* Frameworks */,
				10FB096C1B54555B003ACA86 /* Resources */,
			);
			buildRules = (
			);
			dependencies = (
			);
			name = PitchPerfect;
			productName = PitchPerfect;
			productReference = 10FB096E1B54555C003ACA86 /* PitchPerfect.app */;
			productType = "com.apple.product-type.application";
		};
		10FB09851B54555C003ACA86 /* PitchPerfectTests */ = {
			isa = PBXNativeTarget;
			buildConfigurationList = 10FB09931B54555C003ACA86 /* Build configuration list for PBXNativeTarget "PitchPerfectTests" */;
			buildPhases = (
				10FB09821B54555C003ACA86 /* Sources */,
				10FB09831B54555C003ACA86 /* Frameworks */,
				10FB09841B54555C003ACA86 /* Resources */,
			);
			buildRules = (
			);
			dependencies = (
				10FB09881B54555C003ACA86 /* PBXTargetDependency */,
			);
			name = PitchPerfectTests;
			productName = PitchPerfectTests;
			productReference = 10FB09861B54555C003ACA86 /* PitchPerfectTests.xctest */;
			productType = "com.apple.product-type.bundle.unit-test";
		};
/* End PBXNativeTarget section */

/* Begin PBXProject section */
		10FB09661B54555B003ACA86 /* Project object */ = {
			isa = PBXProject;
			attributes = {
				LastUpgradeCheck = 0640;
				ORGANIZATIONNAME = Wouter;
				TargetAttributes = {
					10FB096D1B54555B003ACA86 = {
						CreatedOnToolsVersion = 6.4;
					};
					10FB09851B54555C003ACA86 = {
						CreatedOnToolsVersion = 6.4;
						TestTargetID = 10FB096D1B54555B003ACA86;
					};
				};
			};
			buildConfigurationList = 10FB09691B54555B003ACA86 /* Build configuration list for PBXProject "PitchPerfect" */;
			compatibilityVersion = "Xcode 3.2";
			developmentRegion = English;
			hasScannedForEncodings = 0;
			knownRegions = (
				en,
				Base,
			);
			mainGroup = 10FB09651B54555B003ACA86;
			productRefGroup = 10FB096F1B54555C003ACA86 /* Products */;
			projectDirPath = "";
			projectRoot = "";
			targets = (
				10FB096D1B54555B003ACA86 /* PitchPerfect */,
				10FB09851B54555C003ACA86 /* PitchPerfectTests */,
			);
		};
/* End PBXProject section */

/* Begin PBXResourcesBuildPhase section */
		10FB096C1B54555B003ACA86 /* Resources */ = {
			isa = PBXResourcesBuildPhase;
			buildActionMask = 2147483647;
			files = (
				10945AF71B603D5F0031F678 /* .gitignore in Resources */,
				10FB097C1B54555C003ACA86 /* Main.storyboard in Resources */,
				10FB09811B54555C003ACA86 /* LaunchScreen.xib in Resources */,
				10A373CB1B5BAEB00088E0F6 /* movie_quote.mp3 in Resources */,
				10FB097E1B54555C003ACA86 /* Images.xcassets in Resources */,
			);
			runOnlyForDeploymentPostprocessing = 0;
		};
		10FB09841B54555C003ACA86 /* Resources */ = {
			isa = PBXResourcesBuildPhase;
			buildActionMask = 2147483647;
			files = (
			);
			runOnlyForDeploymentPostprocessing = 0;
		};
/* End PBXResourcesBuildPhase section */

/* Begin PBXSourcesBuildPhase section */
		10FB096A1B54555B003ACA86 /* Sources */ = {
			isa = PBXSourcesBuildPhase;
			buildActionMask = 2147483647;
			files = (
				10FB09791B54555C003ACA86 /* RecordAudioViewController.swift in Sources */,
				10B67C031B5858D9006A5127 /* PlayAudioViewController.swift in Sources */,
				10FB09771B54555C003ACA86 /* PitchPerfect.xcdatamodeld in Sources */,
				10FB09741B54555C003ACA86 /* AppDelegate.swift in Sources */,
				10BC32311B5D5F46003BBA92 /* RecordedAudio.swift in Sources */,
			);
			runOnlyForDeploymentPostprocessing = 0;
		};
		10FB09821B54555C003ACA86 /* Sources */ = {
			isa = PBXSourcesBuildPhase;
			buildActionMask = 2147483647;
			files = (
				10FB098D1B54555C003ACA86 /* PitchPerfectTests.swift in Sources */,
			);
			runOnlyForDeploymentPostprocessing = 0;
		};
/* End PBXSourcesBuildPhase section */

/* Begin PBXTargetDependency section */
		10FB09881B54555C003ACA86 /* PBXTargetDependency */ = {
			isa = PBXTargetDependency;
			target = 10FB096D1B54555B003ACA86 /* PitchPerfect */;
			targetProxy = 10FB09871B54555C003ACA86 /* PBXContainerItemProxy */;
		};
/* End PBXTargetDependency section */

/* Begin PBXVariantGroup section */
		10FB097A1B54555C003ACA86 /* Main.storyboard */ = {
			isa = PBXVariantGroup;
			children = (
				10FB097B1B54555C003ACA86 /* Base */,
			);
			name = Main.storyboard;
			sourceTree = "<group>";
		};
		10FB097F1B54555C003ACA86 /* LaunchScreen.xib */ = {
			isa = PBXVariantGroup;
			children = (
				10FB09801B54555C003ACA86 /* Base */,
			);
			name = LaunchScreen.xib;
			sourceTree = "<group>";
		};
/* End PBXVariantGroup section */

/* Begin XCBuildConfiguration section */
		10FB098E1B54555C003ACA86 /* Debug */ = {
			isa = XCBuildConfiguration;
			buildSettings = {
				ALWAYS_SEARCH_USER_PATHS = NO;
				CLANG_CXX_LANGUAGE_STANDARD = "gnu++0x";
				CLANG_CXX_LIBRARY = "libc++";
				CLANG_ENABLE_MODULES = YES;
				CLANG_ENABLE_OBJC_ARC = YES;
				CLANG_WARN_BOOL_CONVERSION = YES;
				CLANG_WARN_CONSTANT_CONVERSION = YES;
				CLANG_WARN_DIRECT_OBJC_ISA_USAGE = YES_ERROR;
				CLANG_WARN_EMPTY_BODY = YES;
				CLANG_WARN_ENUM_CONVERSION = YES;
				CLANG_WARN_INT_CONVERSION = YES;
				CLANG_WARN_OBJC_ROOT_CLASS = YES_ERROR;
				CLANG_WARN_UNREACHABLE_CODE = YES;
				CLANG_WARN__DUPLICATE_METHOD_MATCH = YES;
				"CODE_SIGN_IDENTITY[sdk=iphoneos*]" = "iPhone Developer";
				COPY_PHASE_STRIP = NO;
				DEBUG_INFORMATION_FORMAT = "dwarf-with-dsym";
				ENABLE_STRICT_OBJC_MSGSEND = YES;
				GCC_C_LANGUAGE_STANDARD = gnu99;
				GCC_DYNAMIC_NO_PIC = NO;
				GCC_NO_COMMON_BLOCKS = YES;
				GCC_OPTIMIZATION_LEVEL = 0;
				GCC_PREPROCESSOR_DEFINITIONS = (
					"DEBUG=1",
					"$(inherited)",
				);
				GCC_SYMBOLS_PRIVATE_EXTERN = NO;
				GCC_WARN_64_TO_32_BIT_CONVERSION = YES;
				GCC_WARN_ABOUT_RETURN_TYPE = YES_ERROR;
				GCC_WARN_UNDECLARED_SELECTOR = YES;
				GCC_WARN_UNINITIALIZED_AUTOS = YES_AGGRESSIVE;
				GCC_WARN_UNUSED_FUNCTION = YES;
				GCC_WARN_UNUSED_VARIABLE = YES;
				IPHONEOS_DEPLOYMENT_TARGET = 8.4;
				MTL_ENABLE_DEBUG_INFO = YES;
				ONLY_ACTIVE_ARCH = YES;
				SDKROOT = iphoneos;
				SWIFT_OPTIMIZATION_LEVEL = "-Onone";
			};
			name = Debug;
		};
		10FB098F1B54555C003ACA86 /* Release */ = {
			isa = XCBuildConfiguration;
			buildSettings = {
				ALWAYS_SEARCH_USER_PATHS = NO;
				CLANG_CXX_LANGUAGE_STANDARD = "gnu++0x";
				CLANG_CXX_LIBRARY = "libc++";
				CLANG_ENABLE_MODULES = YES;
				CLANG_ENABLE_OBJC_ARC = YES;
				CLANG_WARN_BOOL_CONVERSION = YES;
				CLANG_WARN_CONSTANT_CONVERSION = YES;
				CLANG_WARN_DIRECT_OBJC_ISA_USAGE = YES_ERROR;
				CLANG_WARN_EMPTY_BODY = YES;
				CLANG_WARN_ENUM_CONVERSION = YES;
				CLANG_WARN_INT_CONVERSION = YES;
				CLANG_WARN_OBJC_ROOT_CLASS = YES_ERROR;
				CLANG_WARN_UNREACHABLE_CODE = YES;
				CLANG_WARN__DUPLICATE_METHOD_MATCH = YES;
				"CODE_SIGN_IDENTITY[sdk=iphoneos*]" = "iPhone Developer";
				COPY_PHASE_STRIP = NO;
				DEBUG_INFORMATION_FORMAT = "dwarf-with-dsym";
				ENABLE_NS_ASSERTIONS = NO;
				ENABLE_STRICT_OBJC_MSGSEND = YES;
				GCC_C_LANGUAGE_STANDARD = gnu99;
				GCC_NO_COMMON_BLOCKS = YES;
				GCC_WARN_64_TO_32_BIT_CONVERSION = YES;
				GCC_WARN_ABOUT_RETURN_TYPE = YES_ERROR;
				GCC_WARN_UNDECLARED_SELECTOR = YES;
				GCC_WARN_UNINITIALIZED_AUTOS = YES_AGGRESSIVE;
				GCC_WARN_UNUSED_FUNCTION = YES;
				GCC_WARN_UNUSED_VARIABLE = YES;
				IPHONEOS_DEPLOYMENT_TARGET = 8.4;
				MTL_ENABLE_DEBUG_INFO = NO;
				SDKROOT = iphoneos;
				VALIDATE_PRODUCT = YES;
			};
			name = Release;
		};
		10FB09911B54555C003ACA86 /* Debug */ = {
			isa = XCBuildConfiguration;
			buildSettings = {
				ASSETCATALOG_COMPILER_APPICON_NAME = AppIcon;
				INFOPLIST_FILE = PitchPerfect/Info.plist;
				LD_RUNPATH_SEARCH_PATHS = "$(inherited) @executable_path/Frameworks";
				PRODUCT_NAME = "$(TARGET_NAME)";
			};
			name = Debug;
		};
		10FB09921B54555C003ACA86 /* Release */ = {
			isa = XCBuildConfiguration;
			buildSettings = {
				ASSETCATALOG_COMPILER_APPICON_NAME = AppIcon;
				INFOPLIST_FILE = PitchPerfect/Info.plist;
				LD_RUNPATH_SEARCH_PATHS = "$(inherited) @executable_path/Frameworks";
				PRODUCT_NAME = "$(TARGET_NAME)";
			};
			name = Release;
		};
		10FB09941B54555C003ACA86 /* Debug */ = {
			isa = XCBuildConfiguration;
			buildSettings = {
				BUNDLE_LOADER = "$(TEST_HOST)";
				FRAMEWORK_SEARCH_PATHS = (
					"$(SDKROOT)/Developer/Library/Frameworks",
					"$(inherited)",
				);
				GCC_PREPROCESSOR_DEFINITIONS = (
					"DEBUG=1",
					"$(inherited)",
				);
				INFOPLIST_FILE = PitchPerfectTests/Info.plist;
				LD_RUNPATH_SEARCH_PATHS = "$(inherited) @executable_path/Frameworks @loader_path/Frameworks";
				PRODUCT_NAME = "$(TARGET_NAME)";
				TEST_HOST = "$(BUILT_PRODUCTS_DIR)/PitchPerfect.app/PitchPerfect";
			};
			name = Debug;
		};
		10FB09951B54555C003ACA86 /* Release */ = {
			isa = XCBuildConfiguration;
			buildSettings = {
				BUNDLE_LOADER = "$(TEST_HOST)";
				FRAMEWORK_SEARCH_PATHS = (
					"$(SDKROOT)/Developer/Library/Frameworks",
					"$(inherited)",
				);
				INFOPLIST_FILE = PitchPerfectTests/Info.plist;
				LD_RUNPATH_SEARCH_PATHS = "$(inherited) @executable_path/Frameworks @loader_path/Frameworks";
				PRODUCT_NAME = "$(TARGET_NAME)";
				TEST_HOST = "$(BUILT_PRODUCTS_DIR)/PitchPerfect.app/PitchPerfect";
			};
			name = Release;
		};
/* End XCBuildConfiguration section */

/* Begin XCConfigurationList section */
		10FB09691B54555B003ACA86 /* Build configuration list for PBXProject "PitchPerfect" */ = {
			isa = XCConfigurationList;
			buildConfigurations = (
				10FB098E1B54555C003ACA86 /* Debug */,
				10FB098F1B54555C003ACA86 /* Release */,
			);
			defaultConfigurationIsVisible = 0;
			defaultConfigurationName = Release;
		};
		10FB09901B54555C003ACA86 /* Build configuration list for PBXNativeTarget "PitchPerfect" */ = {
			isa = XCConfigurationList;
			buildConfigurations = (
				10FB09911B54555C003ACA86 /* Debug */,
				10FB09921B54555C003ACA86 /* Release */,
			);
			defaultConfigurationIsVisible = 0;
			defaultConfigurationName = Release;
		};
		10FB09931B54555C003ACA86 /* Build configuration list for PBXNativeTarget "PitchPerfectTests" */ = {
			isa = XCConfigurationList;
			buildConfigurations = (
				10FB09941B54555C003ACA86 /* Debug */,
				10FB09951B54555C003ACA86 /* Release */,
			);
			defaultConfigurationIsVisible = 0;
			defaultConfigurationName = Release;
		};
/* End XCConfigurationList section */

/* Begin XCVersionGroup section */
		10FB09751B54555C003ACA86 /* PitchPerfect.xcdatamodeld */ = {
			isa = XCVersionGroup;
			children = (
				10FB09761B54555C003ACA86 /* PitchPerfect.xcdatamodel */,
			);
			currentVersion = 10FB09761B54555C003ACA86 /* PitchPerfect.xcdatamodel */;
			path = PitchPerfect.xcdatamodeld;
			sourceTree = "<group>";
			versionGroupType = wrapper.xcdatamodel;
		};
/* End XCVersionGroup section */
	};
	rootObject = 10FB09661B54555B003ACA86 /* Project object */;
}
